
Microsoft Visual Studio Solution File, Format Version 12.00
# Visual Studio Version 17
VisualStudioVersion = 17.9.34728.123
MinimumVisualStudioVersion = 10.0.40219.1
Project("{8BC9CEB8-8B4A-11D0-8D11-00A0C91BC942}") = "taschenrechner-4-rechenarten", "taschenrechner-4-rechenarten\taschenrechner-4-rechenarten.vcxproj", "{EAF10684-5257-45F6-A1DC-6A378158D6E7}"
EndProject
Global
	GlobalSection(SolutionConfigurationPlatforms) = preSolution
		Debug|x64 = Debug|x64
		Debug|x86 = Debug|x86
		Release|x64 = Release|x64
		Release|x86 = Release|x86
	EndGlobalSection
	GlobalSection(ProjectConfigurationPlatforms) = postSolution
		{EAF10684-5257-45F6-A1DC-6A378158D6E7}.Debug|x64.ActiveCfg = Debug|x64
		{EAF10684-5257-45F6-A1DC-6A378158D6E7}.Debug|x64.Build.0 = Debug|x64
		{EAF10684-5257-45F6-A1DC-6A378158D6E7}.Debug|x86.ActiveCfg = Debug|Win32
		{EAF10684-5257-45F6-A1DC-6A378158D6E7}.Debug|x86.Build.0 = Debug|Win32
		{EAF10684-5257-45F6-A1DC-6A378158D6E7}.Release|x64.ActiveCfg = Release|x64
		{EAF10684-5257-45F6-A1DC-6A378158D6E7}.Release|x64.Build.0 = Release|x64
		{EAF10684-5257-45F6-A1DC-6A378158D6E7}.Release|x86.ActiveCfg = Release|Win32
		{EAF10684-5257-45F6-A1DC-6A378158D6E7}.Release|x86.Build.0 = Release|Win32
	EndGlobalSection
	GlobalSection(SolutionProperties) = preSolution
		HideSolutionNode = FALSE
	EndGlobalSection
	GlobalSection(ExtensibilityGlobals) = postSolution
		SolutionGuid = {C15B27C3-6AF8-441B-9839-690E03E2882E}
	EndGlobalSection
EndGlobal
