
Microsoft Visual Studio Solution File, Format Version 12.00
# Visual Studio Version 17
VisualStudioVersion = 17.9.34728.123
MinimumVisualStudioVersion = 10.0.40219.1
Project("{FAE04EC0-301F-11D3-BF4B-00C04F79EFBC}") = "taschenrechner", "taschenrechner\taschenrechner.csproj", "{337AF78B-ACE7-4047-9C8A-7121C5854234}"
EndProject
Global
	GlobalSection(SolutionConfigurationPlatforms) = preSolution
		Debug|Any CPU = Debug|Any CPU
		Release|Any CPU = Release|Any CPU
	EndGlobalSection
	GlobalSection(ProjectConfigurationPlatforms) = postSolution
		{337AF78B-ACE7-4047-9C8A-7121C5854234}.Debug|Any CPU.ActiveCfg = Debug|Any CPU
		{337AF78B-ACE7-4047-9C8A-7121C5854234}.Debug|Any CPU.Build.0 = Debug|Any CPU
		{337AF78B-ACE7-4047-9C8A-7121C5854234}.Release|Any CPU.ActiveCfg = Release|Any CPU
		{337AF78B-ACE7-4047-9C8A-7121C5854234}.Release|Any CPU.Build.0 = Release|Any CPU
	EndGlobalSection
	GlobalSection(SolutionProperties) = preSolution
		HideSolutionNode = FALSE
	EndGlobalSection
	GlobalSection(ExtensibilityGlobals) = postSolution
		SolutionGuid = {9E5362CD-3F9B-4B04-8FD8-054DEF181E26}
	EndGlobalSection
EndGlobal
